
Microsoft Visual Studio Solution File, Format Version 12.00
# Visual Studio Version 16
VisualStudioVersion = 16.0.29306.81
MinimumVisualStudioVersion = 10.0.40219.1
Project("{FAE04EC0-301F-11D3-BF4B-00C04F79EFBC}") = "CRM2", "CRM2\CRM2.csproj", "{76E31632-D1D1-4192-8A19-4A4913FD575B}"
EndProject
Global
	GlobalSection(SolutionConfigurationPlatforms) = preSolution
		Debug|Any CPU = Debug|Any CPU
		Release|Any CPU = Release|Any CPU
	EndGlobalSection
	GlobalSection(ProjectConfigurationPlatforms) = postSolution
		{76E31632-D1D1-4192-8A19-4A4913FD575B}.Debug|Any CPU.ActiveCfg = Debug|Any CPU
		{76E31632-D1D1-4192-8A19-4A4913FD575B}.Debug|Any CPU.Build.0 = Debug|Any CPU
		{76E31632-D1D1-4192-8A19-4A4913FD575B}.Release|Any CPU.ActiveCfg = Release|Any CPU
		{76E31632-D1D1-4192-8A19-4A4913FD575B}.Release|Any CPU.Build.0 = Release|Any CPU
	EndGlobalSection
	GlobalSection(SolutionProperties) = preSolution
		HideSolutionNode = FALSE
	EndGlobalSection
	GlobalSection(ExtensibilityGlobals) = postSolution
		SolutionGuid = {52C8FE00-84C3-4385-ACDB-272D0D092D2F}
	EndGlobalSection
EndGlobal
